
Microsoft Visual Studio Solution File, Format Version 12.00
# Visual Studio Version 17
VisualStudioVersion = 17.14.36414.22 d17.14
MinimumVisualStudioVersion = 10.0.40219.1
Project("{FAE04EC0-301F-11D3-BF4B-00C04F79EFBC}") = "NoticeBoardWebApp", "NoticeBoardWebApp\NoticeBoardWebApp.csproj", "{0966A9B4-AF4D-45BE-A18E-AC34CFE1C284}"
EndProject
Project("{FAE04EC0-301F-11D3-BF4B-00C04F79EFBC}") = "NoticeBoardDAL", "NoticeBoardDAL\NoticeBoardDAL.csproj", "{29C9A1EA-C0FD-4FF2-97AC-C874EA606E2B}"
EndProject
Project("{FAE04EC0-301F-11D3-BF4B-00C04F79EFBC}") = "NoticeBoardBLL", "NoticeBoardBLL\NoticeBoardBLL.csproj", "{47C0AC90-27E1-4E4E-827A-DEFB2F4572B1}"
EndProject
Global
	GlobalSection(SolutionConfigurationPlatforms) = preSolution
		Debug|Any CPU = Debug|Any CPU
		Release|Any CPU = Release|Any CPU
	EndGlobalSection
	GlobalSection(ProjectConfigurationPlatforms) = postSolution
		{0966A9B4-AF4D-45BE-A18E-AC34CFE1C284}.Debug|Any CPU.ActiveCfg = Debug|Any CPU
		{0966A9B4-AF4D-45BE-A18E-AC34CFE1C284}.Debug|Any CPU.Build.0 = Debug|Any CPU
		{0966A9B4-AF4D-45BE-A18E-AC34CFE1C284}.Release|Any CPU.ActiveCfg = Release|Any CPU
		{0966A9B4-AF4D-45BE-A18E-AC34CFE1C284}.Release|Any CPU.Build.0 = Release|Any CPU
		{29C9A1EA-C0FD-4FF2-97AC-C874EA606E2B}.Debug|Any CPU.ActiveCfg = Debug|Any CPU
		{29C9A1EA-C0FD-4FF2-97AC-C874EA606E2B}.Debug|Any CPU.Build.0 = Debug|Any CPU
		{29C9A1EA-C0FD-4FF2-97AC-C874EA606E2B}.Release|Any CPU.ActiveCfg = Release|Any CPU
		{29C9A1EA-C0FD-4FF2-97AC-C874EA606E2B}.Release|Any CPU.Build.0 = Release|Any CPU
		{47C0AC90-27E1-4E4E-827A-DEFB2F4572B1}.Debug|Any CPU.ActiveCfg = Debug|Any CPU
		{47C0AC90-27E1-4E4E-827A-DEFB2F4572B1}.Debug|Any CPU.Build.0 = Debug|Any CPU
		{47C0AC90-27E1-4E4E-827A-DEFB2F4572B1}.Release|Any CPU.ActiveCfg = Release|Any CPU
		{47C0AC90-27E1-4E4E-827A-DEFB2F4572B1}.Release|Any CPU.Build.0 = Release|Any CPU
	EndGlobalSection
	GlobalSection(SolutionProperties) = preSolution
		HideSolutionNode = FALSE
	EndGlobalSection
	GlobalSection(ExtensibilityGlobals) = postSolution
		SolutionGuid = {554E28AA-3CE0-46A0-9FBF-1409C8E9B05A}
	EndGlobalSection
EndGlobal
